
Microsoft Visual Studio Solution File, Format Version 12.00
Project("{FAE04EC0-301F-11D3-BF4B-00C04F79EFBC}") = "database.fightsubapp", "database.fightsubapp\database.fightsubapp.csproj", "{F92B6D9C-A795-4777-8617-99F8B9E61E17}"
EndProject
Project("{FAE04EC0-301F-11D3-BF4B-00C04F79EFBC}") = "DojoConnect.Api", "DojoConnect.Api\DojoConnect.Api.csproj", "{6B189725-AA9B-4D56-AC4B-46E0519E9CF5}"
EndProject
Global
	GlobalSection(SolutionConfigurationPlatforms) = preSolution
		Debug|Any CPU = Debug|Any CPU
		Release|Any CPU = Release|Any CPU
	EndGlobalSection
	GlobalSection(ProjectConfigurationPlatforms) = postSolution
		{F92B6D9C-A795-4777-8617-99F8B9E61E17}.Debug|Any CPU.ActiveCfg = Debug|Any CPU
		{F92B6D9C-A795-4777-8617-99F8B9E61E17}.Debug|Any CPU.Build.0 = Debug|Any CPU
		{F92B6D9C-A795-4777-8617-99F8B9E61E17}.Release|Any CPU.ActiveCfg = Release|Any CPU
		{F92B6D9C-A795-4777-8617-99F8B9E61E17}.Release|Any CPU.Build.0 = Release|Any CPU
		{6B189725-AA9B-4D56-AC4B-46E0519E9CF5}.Debug|Any CPU.ActiveCfg = Debug|Any CPU
		{6B189725-AA9B-4D56-AC4B-46E0519E9CF5}.Debug|Any CPU.Build.0 = Debug|Any CPU
		{6B189725-AA9B-4D56-AC4B-46E0519E9CF5}.Release|Any CPU.ActiveCfg = Release|Any CPU
		{6B189725-AA9B-4D56-AC4B-46E0519E9CF5}.Release|Any CPU.Build.0 = Release|Any CPU
	EndGlobalSection
EndGlobal
